
Microsoft Visual Studio Solution File, Format Version 12.00
# Visual Studio Version 17
VisualStudioVersion = 17.6.33829.357
MinimumVisualStudioVersion = 10.0.40219.1
Project("{FAE04EC0-301F-11D3-BF4B-00C04F79EFBC}") = "Kryptering random", "Kryptering random\Kryptering random.csproj", "{3D774296-3D35-416B-8775-ECD7E4846A7B}"
EndProject
Global
	GlobalSection(SolutionConfigurationPlatforms) = preSolution
		Debug|Any CPU = Debug|Any CPU
		Release|Any CPU = Release|Any CPU
	EndGlobalSection
	GlobalSection(ProjectConfigurationPlatforms) = postSolution
		{3D774296-3D35-416B-8775-ECD7E4846A7B}.Debug|Any CPU.ActiveCfg = Debug|Any CPU
		{3D774296-3D35-416B-8775-ECD7E4846A7B}.Debug|Any CPU.Build.0 = Debug|Any CPU
		{3D774296-3D35-416B-8775-ECD7E4846A7B}.Release|Any CPU.ActiveCfg = Release|Any CPU
		{3D774296-3D35-416B-8775-ECD7E4846A7B}.Release|Any CPU.Build.0 = Release|Any CPU
	EndGlobalSection
	GlobalSection(SolutionProperties) = preSolution
		HideSolutionNode = FALSE
	EndGlobalSection
	GlobalSection(ExtensibilityGlobals) = postSolution
		SolutionGuid = {C5597946-3143-48A8-B735-50CC4CDEC0B6}
	EndGlobalSection
EndGlobal
